
Microsoft Visual Studio Solution File, Format Version 12.00
# Visual Studio Version 17
VisualStudioVersion = 17.0.31903.59
MinimumVisualStudioVersion = 10.0.40219.1
Project("{FAE04EC0-301F-11D3-BF4B-00C04F79EFBC}") = "SentimentAnalysis.Api", "SentimentAnalysis.Api\SentimentAnalysis.Api.csproj", "{8EA12CF3-F0CA-479E-9C98-285ACC7C0BC3}"
EndProject
Project("{FAE04EC0-301F-11D3-BF4B-00C04F79EFBC}") = "SentimentAnalysis.Core", "SentimentAnalysis.Core\SentimentAnalysis.Core.csproj", "{FA612AF7-D22D-4FB3-86E2-43D4DC8CFC73}"
EndProject
Project("{FAE04EC0-301F-11D3-BF4B-00C04F79EFBC}") = "SentimentAnalysis.Infrastructure", "SentimentAnalysis.Infrastructure\SentimentAnalysis.Infrastructure.csproj", "{0226F216-EAF2-4F98-B3EF-F7CD5A9F4112}"
EndProject
Project("{FAE04EC0-301F-11D3-BF4B-00C04F79EFBC}") = "ModelTrainer", "ModelTrainer\ModelTrainer.csproj", "{18C2D630-0CDA-45EE-A7B4-13E024741451}"
EndProject
Global
	GlobalSection(SolutionConfigurationPlatforms) = preSolution
		Debug|Any CPU = Debug|Any CPU
		Release|Any CPU = Release|Any CPU
	EndGlobalSection
	GlobalSection(SolutionProperties) = preSolution
		HideSolutionNode = FALSE
	EndGlobalSection
	GlobalSection(ProjectConfigurationPlatforms) = postSolution
		{8EA12CF3-F0CA-479E-9C98-285ACC7C0BC3}.Debug|Any CPU.ActiveCfg = Debug|Any CPU
		{8EA12CF3-F0CA-479E-9C98-285ACC7C0BC3}.Debug|Any CPU.Build.0 = Debug|Any CPU
		{8EA12CF3-F0CA-479E-9C98-285ACC7C0BC3}.Release|Any CPU.ActiveCfg = Release|Any CPU
		{8EA12CF3-F0CA-479E-9C98-285ACC7C0BC3}.Release|Any CPU.Build.0 = Release|Any CPU
		{FA612AF7-D22D-4FB3-86E2-43D4DC8CFC73}.Debug|Any CPU.ActiveCfg = Debug|Any CPU
		{FA612AF7-D22D-4FB3-86E2-43D4DC8CFC73}.Debug|Any CPU.Build.0 = Debug|Any CPU
		{FA612AF7-D22D-4FB3-86E2-43D4DC8CFC73}.Release|Any CPU.ActiveCfg = Release|Any CPU
		{FA612AF7-D22D-4FB3-86E2-43D4DC8CFC73}.Release|Any CPU.Build.0 = Release|Any CPU
		{0226F216-EAF2-4F98-B3EF-F7CD5A9F4112}.Debug|Any CPU.ActiveCfg = Debug|Any CPU
		{0226F216-EAF2-4F98-B3EF-F7CD5A9F4112}.Debug|Any CPU.Build.0 = Debug|Any CPU
		{0226F216-EAF2-4F98-B3EF-F7CD5A9F4112}.Release|Any CPU.ActiveCfg = Release|Any CPU
		{0226F216-EAF2-4F98-B3EF-F7CD5A9F4112}.Release|Any CPU.Build.0 = Release|Any CPU
		{18C2D630-0CDA-45EE-A7B4-13E024741451}.Debug|Any CPU.ActiveCfg = Debug|Any CPU
		{18C2D630-0CDA-45EE-A7B4-13E024741451}.Debug|Any CPU.Build.0 = Debug|Any CPU
		{18C2D630-0CDA-45EE-A7B4-13E024741451}.Release|Any CPU.ActiveCfg = Release|Any CPU
		{18C2D630-0CDA-45EE-A7B4-13E024741451}.Release|Any CPU.Build.0 = Release|Any CPU
	EndGlobalSection
EndGlobal
